
Microsoft Visual Studio Solution File, Format Version 12.00
# Visual Studio Version 16
VisualStudioVersion = 16.0.30413.136
MinimumVisualStudioVersion = 15.0.26124.0
Project("{FAE04EC0-301F-11D3-BF4B-00C04F79EFBC}") = "ClassLibrary1", "ClassLibrary1\ClassLibrary1.csproj", "{66E7D564-7F98-40D2-8643-4DE3481FB9B6}"
EndProject
Project("{FAE04EC0-301F-11D3-BF4B-00C04F79EFBC}") = "tests", "tests\tests.csproj", "{C53B882C-FD54-4C18-8E4E-0EC0533C6110}"
EndProject
Global
	GlobalSection(SolutionConfigurationPlatforms) = preSolution
		Debug|Any CPU = Debug|Any CPU
		Debug|x64 = Debug|x64
		Debug|x86 = Debug|x86
		Release|Any CPU = Release|Any CPU
		Release|x64 = Release|x64
		Release|x86 = Release|x86
	EndGlobalSection
	GlobalSection(ProjectConfigurationPlatforms) = postSolution
		{66E7D564-7F98-40D2-8643-4DE3481FB9B6}.Debug|Any CPU.ActiveCfg = Debug|Any CPU
		{66E7D564-7F98-40D2-8643-4DE3481FB9B6}.Debug|Any CPU.Build.0 = Debug|Any CPU
		{66E7D564-7F98-40D2-8643-4DE3481FB9B6}.Debug|x64.ActiveCfg = Debug|Any CPU
		{66E7D564-7F98-40D2-8643-4DE3481FB9B6}.Debug|x64.Build.0 = Debug|Any CPU
		{66E7D564-7F98-40D2-8643-4DE3481FB9B6}.Debug|x86.ActiveCfg = Debug|Any CPU
		{66E7D564-7F98-40D2-8643-4DE3481FB9B6}.Debug|x86.Build.0 = Debug|Any CPU
		{66E7D564-7F98-40D2-8643-4DE3481FB9B6}.Release|Any CPU.ActiveCfg = Release|Any CPU
		{66E7D564-7F98-40D2-8643-4DE3481FB9B6}.Release|Any CPU.Build.0 = Release|Any CPU
		{66E7D564-7F98-40D2-8643-4DE3481FB9B6}.Release|x64.ActiveCfg = Release|Any CPU
		{66E7D564-7F98-40D2-8643-4DE3481FB9B6}.Release|x64.Build.0 = Release|Any CPU
		{66E7D564-7F98-40D2-8643-4DE3481FB9B6}.Release|x86.ActiveCfg = Release|Any CPU
		{66E7D564-7F98-40D2-8643-4DE3481FB9B6}.Release|x86.Build.0 = Release|Any CPU
		{C53B882C-FD54-4C18-8E4E-0EC0533C6110}.Debug|Any CPU.ActiveCfg = Debug|Any CPU
		{C53B882C-FD54-4C18-8E4E-0EC0533C6110}.Debug|Any CPU.Build.0 = Debug|Any CPU
		{C53B882C-FD54-4C18-8E4E-0EC0533C6110}.Debug|x64.ActiveCfg = Debug|Any CPU
		{C53B882C-FD54-4C18-8E4E-0EC0533C6110}.Debug|x64.Build.0 = Debug|Any CPU
		{C53B882C-FD54-4C18-8E4E-0EC0533C6110}.Debug|x86.ActiveCfg = Debug|Any CPU
		{C53B882C-FD54-4C18-8E4E-0EC0533C6110}.Debug|x86.Build.0 = Debug|Any CPU
		{C53B882C-FD54-4C18-8E4E-0EC0533C6110}.Release|Any CPU.ActiveCfg = Release|Any CPU
		{C53B882C-FD54-4C18-8E4E-0EC0533C6110}.Release|Any CPU.Build.0 = Release|Any CPU
		{C53B882C-FD54-4C18-8E4E-0EC0533C6110}.Release|x64.ActiveCfg = Release|Any CPU
		{C53B882C-FD54-4C18-8E4E-0EC0533C6110}.Release|x64.Build.0 = Release|Any CPU
		{C53B882C-FD54-4C18-8E4E-0EC0533C6110}.Release|x86.ActiveCfg = Release|Any CPU
		{C53B882C-FD54-4C18-8E4E-0EC0533C6110}.Release|x86.Build.0 = Release|Any CPU
	EndGlobalSection
	GlobalSection(SolutionProperties) = preSolution
		HideSolutionNode = FALSE
	EndGlobalSection
	GlobalSection(ExtensibilityGlobals) = postSolution
		SolutionGuid = {297C5585-8123-476F-AB14-B5195F2C6251}
	EndGlobalSection
EndGlobal
